# This file is autogenerated, do not edit; changes may be undone by the next 'dep ensure'.


[[projects]]
  name = "github.com/BurntSushi/toml"
  packages = ["."]
  revision = "3012a1dbe2e4bd1391d42b32f0577cb7bbc7f005"
  version = "v0.3.1"

[[projects]]
  branch = "master"
  name = "github.com/docopt/docopt-go"
  packages = ["."]
  revision = "ee0de3bc6815ee19d4a46c7eb90f829db0e014b1"

[[projects]]
  name = "github.com/fluidkeys/crypto"
  packages = ["cast5","openpgp","openpgp/armor","openpgp/elgamal","openpgp/errors","openpgp/packet","openpgp/s2k"]
  revision = "2018-09-13"

[[projects]]
  branch = "master"
  name = "github.com/fluidkeys/keyring"
  packages = ["."]
  revision = "b7a88d2e1e256dcbc200690189c829aabaff5c29"

[[projects]]
  name = "github.com/godbus/dbus"
  packages = ["."]
  revision = "a389bdde4dd695d414e47b755e95e72b7826432c"
  version = "v4.1.0"

[[projects]]
  branch = "master"
  name = "github.com/gsterjov/go-libsecret"
  packages = ["."]
  revision = "a6f4afe4910cad8688db3e0e9b9ac92ad22d54e1"

[[projects]]
  branch = "master"
  name = "github.com/keybase/go-keychain"
  packages = ["."]
  revision = "f1daa725cce4049b1715f1e97d6a51880e401e70"

[[projects]]
  branch = "master"
  name = "github.com/mitchellh/go-homedir"
  packages = ["."]
  revision = "58046073cbffe2f25d425fe1331102f55cf719de"

[[projects]]
  branch = "master"
  name = "github.com/natefinch/atomic"
  packages = ["."]
  revision = "a62ce929ffcc871a51e98c6eba7b20321e3ed62d"

[[projects]]
  branch = "master"
  name = "github.com/sethvargo/go-diceware"
  packages = ["diceware"]
  revision = "2cc4e45af027798e625c3256fc10925eb3f1e5c0"

[[projects]]
  branch = "master"
  name = "golang.org/x/crypto"
  packages = ["ssh/terminal"]
  revision = "7c1a557ab941a71c619514f229f0b27ccb0c27cf"

[[projects]]
  branch = "master"
  name = "golang.org/x/sys"
  packages = ["unix","windows"]
  revision = "4497e2df6f9e69048a54498c7affbbec3294ad47"

[solve-meta]
  analyzer-name = "dep"
  analyzer-version = 1
  inputs-digest = "82d736b2950dd1c85d3d6c625300124503303d41cb80ec058dc3b287446f506c"
  solver-name = "gps-cdcl"
  solver-version = 1
